GEM
  remote: https://rubygems.org/
  specs:
    benchmark (0.5.0)
    bigdecimal (4.1.1)
    dotenv (3.2.0)
    drb (2.2.3)
    erubi (1.13.1)
    logger (1.7.0)
    mini_portile2 (2.8.9)
    minitest (6.0.4)
      drb (~> 2.0)
      prism (~> 1.5)
    minitest-mock (5.27.0)
    netrc (0.11.0)
    nokogiri (1.19.4)
      mini_portile2 (~> 2.8.2)
      racc (~> 1.4)
    nokogiri (1.19.4-aarch64-linux-gnu)
      racc (~> 1.4)
    nokogiri (1.19.4-aarch64-linux-musl)
      racc (~> 1.4)
    nokogiri (1.19.4-arm-linux-gnu)
      racc (~> 1.4)
    nokogiri (1.19.4-arm-linux-musl)
      racc (~> 1.4)
    nokogiri (1.19.4-arm64-darwin)
      racc (~> 1.4)
    nokogiri (1.19.4-x86_64-darwin)
      racc (~> 1.4)
    nokogiri (1.19.4-x86_64-linux-gnu)
      racc (~> 1.4)
    nokogiri (1.19.4-x86_64-linux-musl)
      racc (~> 1.4)
    parallel (2.1.0)
    prism (1.9.0)
    racc (1.8.1)
    rake (13.4.2)
    rbi (0.3.13)
      prism (~> 1.0)
      rbs (>= 4.0.1)
    rbs (4.0.2)
      logger
      prism (>= 1.6.0)
      tsort
    require-hooks (0.4.0)
    rexml (3.4.4)
    rubydex (0.2.5)
    rubydex (0.2.5-aarch64-linux)
    rubydex (0.2.5-arm64-darwin)
    rubydex (0.2.5-x86_64-darwin)
    rubydex (0.2.5-x86_64-linux)
    sequel (5.103.0)
      bigdecimal
    sorbet (0.6.13295)
      sorbet-static (= 0.6.13295)
    sorbet-runtime (0.6.13295)
    sorbet-static (0.6.13295-aarch64-linux)
    sorbet-static (0.6.13295-universal-darwin)
    sorbet-static (0.6.13295-x86_64-linux)
    sorbet-static-and-runtime (0.6.13295)
      sorbet (= 0.6.13295)
      sorbet-runtime (= 0.6.13295)
    spoom (1.7.16)
      erubi (>= 1.10.0)
      prism (>= 0.28.0)
      rbi (>= 0.3.3)
      rbs (>= 4.0.0.dev.5)
      rexml (>= 3.2.6)
      sorbet-static-and-runtime (>= 0.5.10187)
      thor (>= 0.19.2)
    sqlite3 (2.9.3-aarch64-linux-gnu)
    sqlite3 (2.9.3-aarch64-linux-musl)
    sqlite3 (2.9.3-arm-linux-gnu)
    sqlite3 (2.9.3-arm-linux-musl)
    sqlite3 (2.9.3-arm64-darwin)
    sqlite3 (2.9.3-x86-linux-gnu)
    sqlite3 (2.9.3-x86-linux-musl)
    sqlite3 (2.9.3-x86_64-darwin)
    sqlite3 (2.9.3-x86_64-linux-gnu)
    sqlite3 (2.9.3-x86_64-linux-musl)
    tapioca (0.19.1)
      benchmark
      bundler (>= 2.2.25)
      netrc (>= 0.11.0)
      parallel (>= 1.21.0)
      rbi (>= 0.3.7)
      require-hooks (>= 0.2.2)
      rubydex (>= 0.1.0.beta10)
      sorbet-static-and-runtime (>= 0.6.12698)
      spoom (>= 1.7.9)
      thor (>= 1.2.0)
      tsort
    thor (1.5.0)
    tsort (0.2.0)
    zeitwerk (2.8.2)

PLATFORMS
  aarch64-linux-gnu
  aarch64-linux-musl
  arm-linux-gnu
  arm-linux-musl
  arm64-darwin
  x86-linux-gnu
  x86-linux-musl
  x86_64-darwin
  x86_64-linux-gnu
  x86_64-linux-musl

DEPENDENCIES
  dotenv
  logger
  minitest
  minitest-mock
  nokogiri (~> 1.19)
  rake
  sequel
  sorbet
  sorbet-runtime
  sqlite3
  tapioca
  thor
  zeitwerk

BUNDLED WITH
   2.7.1
